
Microsoft Visual Studio Solution File, Format Version 12.00
# Visual Studio 15
VisualStudioVersion = 15.0.27428.2037
MinimumVisualStudioVersion = 10.0.40219.1
Project("{FAE04EC0-301F-11D3-BF4B-00C04F79EFBC}") = "RestDemo", "RestDemo\RestDemo.csproj", "{B8AB7054-6AE7-4F40-B4AF-7EE2245B613C}"
EndProject
Global
	GlobalSection(SolutionConfigurationPlatforms) = preSolution
		Debug|Any CPU = Debug|Any CPU
		Release|Any CPU = Release|Any CPU
	EndGlobalSection
	GlobalSection(ProjectConfigurationPlatforms) = postSolution
		{B8AB7054-6AE7-4F40-B4AF-7EE2245B613C}.Debug|Any CPU.ActiveCfg = Debug|Any CPU
		{B8AB7054-6AE7-4F40-B4AF-7EE2245B613C}.Debug|Any CPU.Build.0 = Debug|Any CPU
		{B8AB7054-6AE7-4F40-B4AF-7EE2245B613C}.Release|Any CPU.ActiveCfg = Release|Any CPU
		{B8AB7054-6AE7-4F40-B4AF-7EE2245B613C}.Release|Any CPU.Build.0 = Release|Any CPU
	EndGlobalSection
	GlobalSection(SolutionProperties) = preSolution
		HideSolutionNode = FALSE
	EndGlobalSection
	GlobalSection(ExtensibilityGlobals) = postSolution
		SolutionGuid = {21D58FD4-2F73-44B1-A808-52421705F103}
	EndGlobalSection
EndGlobal
